{
  "requires": true,
  "lockfileVersion": 1,
  "dependencies": {
    "@babel/runtime": {
      "version": "7.9.6",
      "resolved": "https://registry.npmjs.org/@babel/runtime/-/runtime-7.9.6.tgz",
      "integrity": "sha512-64AF1xY3OAkFHqOb9s4jpgk1Mm5vDZ4L3acHvAml+53nO1XbXLuDodsVpO4OIUsmemlUHMxNdYMNJmsvOwLrvQ==",
      "requires": {
        "regenerator-runtime": "^0.13.4"
      }
    },
    "js-tokens": {
      "version": "4.0.0",
      "resolved": "https://registry.npmjs.org/js-tokens/-/js-tokens-4.0.0.tgz",
      "integrity": "sha512-RdJUflcE3cUzKiMqQgsCu06FPu9UdIJO0beYbPhHN4k6apgJtifcoCtT9bcxOpYBtpD2kCM6Sbzg4CausW/PKQ=="
    },
    "lit-element": {
      "version": "2.3.1",
      "resolved": "https://registry.npmjs.org/lit-element/-/lit-element-2.3.1.tgz",
      "integrity": "sha512-tOcUAmeO3BzwiQ7FGWdsshNvC0HVHcTFYw/TLIImmKwXYoV0E7zCBASa8IJ7DiP4cen/Yoj454gS0qqTnIGsFA==",
      "requires": {
        "lit-html": "^1.1.1"
      }
    },
    "lit-html": {
      "version": "1.2.1",
      "resolved": "https://registry.npmjs.org/lit-html/-/lit-html-1.2.1.tgz",
      "integrity": "sha512-GSJHHXMGLZDzTRq59IUfL9FCdAlGfqNp/dEa7k7aBaaWD+JKaCjsAk9KYm2V12ItonVaYx2dprN66Zdm1AuBTQ=="
    },
    "loose-envify": {
      "version": "1.4.0",
      "resolved": "https://registry.npmjs.org/loose-envify/-/loose-envify-1.4.0.tgz",
      "integrity": "sha512-lyuxPGr/Wfhrlem2CL/UcnUc1zcqKAImBDzukY7Y5F/yQiNdko6+fRLevlw1HgMySw7f611UIY408EtxRSoK3Q==",
      "requires": {
        "js-tokens": "^3.0.0 || ^4.0.0"
      }
    },
    "object-assign": {
      "version": "4.1.1",
      "resolved": "https://registry.npmjs.org/object-assign/-/object-assign-4.1.1.tgz",
      "integrity": "sha1-IQmtx5ZYh8/AXLvUQsrIv7s2CGM="
    },
    "prop-types": {
      "version": "15.7.2",
      "resolved": "https://registry.npmjs.org/prop-types/-/prop-types-15.7.2.tgz",
      "integrity": "sha512-8QQikdH7//R2vurIJSutZ1smHYTcLpRWEOlHnzcWHmBYrOGUysKwSsrC89BCiFj3CbrfJ/nXFdJepOVrY1GCHQ==",
      "requires": {
        "loose-envify": "^1.4.0",
        "object-assign": "^4.1.1",
        "react-is": "^16.8.1"
      }
    },
    "react-is": {
      "version": "16.13.1",
      "resolved": "https://registry.npmjs.org/react-is/-/react-is-16.13.1.tgz",
      "integrity": "sha512-24e6ynE2H+OKt4kqsOvNd8kBpV65zoxbA4BVsEOB3ARVWQki/DHzaUoC5KuON/BiccDaCCTZBuOcfZs70kR8bQ=="
    },
    "react-spring": {
      "version": "8.0.27",
      "resolved": "https://registry.npmjs.org/react-spring/-/react-spring-8.0.27.tgz",
      "integrity": "sha512-nDpWBe3ZVezukNRandTeLSPcwwTMjNVu1IDq9qA/AMiUqHuRN4BeSWvKr3eIxxg1vtiYiOLy4FqdfCP5IoP77g==",
      "requires": {
        "@babel/runtime": "^7.3.1",
        "prop-types": "^15.5.8"
      }
    },
    "regenerator-runtime": {
      "version": "0.13.5",
      "resolved": "https://registry.npmjs.org/regenerator-runtime/-/regenerator-runtime-0.13.5.tgz",
      "integrity": "sha512-ZS5w8CpKFinUzOwW3c83oPeVXoNsrLsaCoLtJvAClH135j/R77RuymhiSErhm2lKcwSCIpmvIWSbDkIfAqKQlA=="
    },
    "roughjs": {
      "version": "3.1.0",
      "resolved": "https://registry.npmjs.org/roughjs/-/roughjs-3.1.0.tgz",
      "integrity": "sha512-WJIKyWxBlEIuMeK0foUZD1KVYzT6Dn62ksawZrlu3BzxUxgtPdnlCMDgX/C3N5gxj/AMRazstKOFm70tqTo5Bw==",
      "requires": {
        "workly": "^1.2.0"
      }
    },
    "three": {
      "version": "0.116.1",
      "resolved": "https://registry.npmjs.org/three/-/three-0.116.1.tgz",
      "integrity": "sha512-l2JCMiA/lVZAuSrLWRYMalvpR+0j8hbIhCpfs4V6JFnw2+JQEQJ5HltNpfFr+9TDpQts1BhtcISehWf/xBGPvQ=="
    },
    "wired-button": {
      "version": "2.0.2",
      "resolved": "https://registry.npmjs.org/wired-button/-/wired-button-2.0.2.tgz",
      "integrity": "sha512-pEe/iQ2lc/E3+ix1O2b6GS59otBe84Akpy9dcmYk7JdbaOMAgvnof0VTmVuyAMnRqhXUyZyVIJZ8IwKOTfg+uQ==",
      "requires": {
        "lit-element": "^2.2.1",
        "wired-lib": "^2.0.0"
      }
    },
    "wired-calendar": {
      "version": "2.0.2",
      "resolved": "https://registry.npmjs.org/wired-calendar/-/wired-calendar-2.0.2.tgz",
      "integrity": "sha512-jKdl8nFSCPZyBeQPlpJr4WOHMry/3q0RgU8GqwWwj8aWARDGvj7EIXjbCHrtG9owsKSqSnjleup3kPrhGsw4tA==",
      "requires": {
        "lit-element": "^2.2.1",
        "wired-lib": "^2.0.0"
      }
    },
    "wired-card": {
      "version": "2.0.2",
      "resolved": "https://registry.npmjs.org/wired-card/-/wired-card-2.0.2.tgz",
      "integrity": "sha512-miGE+hCqq8TKIXliyosBSHKVc/whBXdmFP6jztqTflcXVh1nNyYX8bDEXbscXbn6LVmeyHpoc59Nz7RASoeAmw==",
      "requires": {
        "lit-element": "^2.2.1",
        "wired-lib": "^2.0.0"
      }
    },
    "wired-checkbox": {
      "version": "2.0.2",
      "resolved": "https://registry.npmjs.org/wired-checkbox/-/wired-checkbox-2.0.2.tgz",
      "integrity": "sha512-8RU2gNGUNaJnTze3l4NPoslHkUB7G8b0uV702AZvbgWuT2AdcSecfv3m/PJVflAyY8FWuwIArBqgOqh48IRbnw==",
      "requires": {
        "lit-element": "^2.2.1",
        "wired-lib": "^2.0.0"
      }
    },
    "wired-combo": {
      "version": "2.0.2",
      "resolved": "https://registry.npmjs.org/wired-combo/-/wired-combo-2.0.2.tgz",
      "integrity": "sha512-SpOiXG+FeYI/N2s4x7kRcscUNvRwrbuozTbMwLKv53+ifYFnAlpSCF0fjvhK2eDkChkRg/FajdveSMf60uakmA==",
      "requires": {
        "lit-element": "^2.2.1",
        "wired-card": "^2.0.2",
        "wired-lib": "^2.0.0"
      }
    },
    "wired-dialog": {
      "version": "2.0.2",
      "resolved": "https://registry.npmjs.org/wired-dialog/-/wired-dialog-2.0.2.tgz",
      "integrity": "sha512-c3EO4xkt/7hAe7xNxEYRj+6tU2X68RZ+cxigQy/ckOr4bE8h00BYpcRFJeGnC43xXzutyYIwaUP9tfQPSu0gxQ==",
      "requires": {
        "lit-element": "^2.2.1",
        "wired-card": "^2.0.2"
      }
    },
    "wired-divider": {
      "version": "2.0.2",
      "resolved": "https://registry.npmjs.org/wired-divider/-/wired-divider-2.0.2.tgz",
      "integrity": "sha512-l6PnAFzyzC/P/peLAaP476mSbdC3vvECOkg/Joh0HIdcAovDWwGr07s1f1ocAIolGu939cWsrlyF1i79gMKZ7g==",
      "requires": {
        "lit-element": "^2.2.1",
        "wired-lib": "^2.0.0"
      }
    },
    "wired-elements": {
      "version": "2.0.5",
      "resolved": "https://registry.npmjs.org/wired-elements/-/wired-elements-2.0.5.tgz",
      "integrity": "sha512-O00+aioUwjx577BChT9nI8B+7nmAr6kA0TLtPNPVXGfSdK5nJZS91NFzbzIU4ilgdJHz4LDtcyPnEfwbQ5pDPg==",
      "requires": {
        "lit-element": "^2.2.1",
        "wired-button": "^2.0.2",
        "wired-calendar": "^2.0.2",
        "wired-card": "^2.0.2",
        "wired-checkbox": "^2.0.2",
        "wired-combo": "^2.0.2",
        "wired-dialog": "^2.0.2",
        "wired-divider": "^2.0.2",
        "wired-fab": "^2.0.2",
        "wired-icon-button": "^2.0.2",
        "wired-image": "^2.0.2",
        "wired-input": "^2.0.2",
        "wired-item": "^2.0.2",
        "wired-lib": "^2.0.0",
        "wired-link": "^2.0.2",
        "wired-listbox": "^2.0.2",
        "wired-progress": "^2.0.2",
        "wired-radio": "^2.0.2",
        "wired-radio-group": "^2.0.2",
        "wired-search-input": "^2.0.2",
        "wired-slider": "^2.0.2",
        "wired-spinner": "^2.0.2",
        "wired-tab": "^2.0.2",
        "wired-tabs": "^2.0.2",
        "wired-textarea": "^2.0.2",
        "wired-toggle": "^2.0.2",
        "wired-video": "^2.0.2"
      }
    },
    "wired-fab": {
      "version": "2.0.2",
      "resolved": "https://registry.npmjs.org/wired-fab/-/wired-fab-2.0.2.tgz",
      "integrity": "sha512-TrHYpn4G74ABWzA5F33iI7Q/OV9czALDajIbnKDQZIxyS+XUl4zJcakz8cb9kGnFIk3/fk8G6D0Cqn5rrJF+DA==",
      "requires": {
        "lit-element": "^2.2.1",
        "wired-lib": "^2.0.0"
      }
    },
    "wired-icon-button": {
      "version": "2.0.2",
      "resolved": "https://registry.npmjs.org/wired-icon-button/-/wired-icon-button-2.0.2.tgz",
      "integrity": "sha512-aH9HulFKHyjZrqeZNkXQVet/Pt1ZxgNDqmu3RIrjke2TkkT42a1FTp17mcCOF7L8/2Hcg6sut9riGzoRJT7lKg==",
      "requires": {
        "lit-element": "^2.2.1",
        "wired-lib": "^2.0.0"
      }
    },
    "wired-image": {
      "version": "2.0.2",
      "resolved": "https://registry.npmjs.org/wired-image/-/wired-image-2.0.2.tgz",
      "integrity": "sha512-LEwr3Hz7jtsFFzpYZ6rdG7dcEzs9ROK5k7hu8+12XH0A3HquucgoWP+5iTcUFfp+04g8QOi0ZMdMTLZSXNQv2A==",
      "requires": {
        "lit-element": "^2.2.1",
        "wired-lib": "^2.0.0"
      }
    },
    "wired-input": {
      "version": "2.0.2",
      "resolved": "https://registry.npmjs.org/wired-input/-/wired-input-2.0.2.tgz",
      "integrity": "sha512-wlv5LIFHLI1PWGIvPvJ2OuYvE4swcdrq3+BfEQlGPyNEcNibwnyzKuY0UJ5MbR1dIWGoYnhXjlgKrDSyv8UBaA==",
      "requires": {
        "lit-element": "^2.2.1",
        "wired-lib": "^2.0.0"
      }
    },
    "wired-item": {
      "version": "2.0.2",
      "resolved": "https://registry.npmjs.org/wired-item/-/wired-item-2.0.2.tgz",
      "integrity": "sha512-RAMx72R+FYJZ9MAliEtAriu+9goPJc4S5pUaP8lBxjMpBMBE+qg0d15I5/rpgY6i55rbzpfr8ts7DoLQ76vDjg==",
      "requires": {
        "lit-element": "^2.2.1",
        "wired-lib": "^2.0.0"
      }
    },
    "wired-lib": {
      "version": "2.0.0",
      "resolved": "https://registry.npmjs.org/wired-lib/-/wired-lib-2.0.0.tgz",
      "integrity": "sha512-ro8aBzI0GE9h2/aTBU2Pfqbrxi7p+X5xIu2EgxSS/QoYK0QN9r0O5mFKeQOFRlYwn4RE5SdMgJFM/p9xK5XI3w==",
      "requires": {
        "lit-element": "^2.2.1",
        "roughjs": "^3.1.0"
      }
    },
    "wired-link": {
      "version": "2.0.2",
      "resolved": "https://registry.npmjs.org/wired-link/-/wired-link-2.0.2.tgz",
      "integrity": "sha512-2I38C5WHEGFLCq8U+aHR2qgCCQCz7dsR7fP8NHnDGaaOY6jS7TVo7mXIabyGF2x3u9JRxg58MMD/O6y72oQ7aQ==",
      "requires": {
        "lit-element": "^2.2.1",
        "wired-lib": "^2.0.0"
      }
    },
    "wired-listbox": {
      "version": "2.0.2",
      "resolved": "https://registry.npmjs.org/wired-listbox/-/wired-listbox-2.0.2.tgz",
      "integrity": "sha512-nGJV149sjFS3XINmq+giAKPFJFpslzsioyKTJMS6dvzw1Ti8LxCORl3S78w8nYOSFzYdDRiCVV9AumsZmGW94Q==",
      "requires": {
        "lit-element": "^2.2.1",
        "wired-lib": "^2.0.0"
      }
    },
    "wired-progress": {
      "version": "2.0.2",
      "resolved": "https://registry.npmjs.org/wired-progress/-/wired-progress-2.0.2.tgz",
      "integrity": "sha512-ML+sX70fna/kYjUgZlZLWDMYS1ObchzgoE89/qto/pA26VAt31NFV0G7bbFl+VgdSzoGs2hMUDA5B/3sfW2RSA==",
      "requires": {
        "lit-element": "^2.2.1",
        "wired-lib": "^2.0.0"
      }
    },
    "wired-radio": {
      "version": "2.0.2",
      "resolved": "https://registry.npmjs.org/wired-radio/-/wired-radio-2.0.2.tgz",
      "integrity": "sha512-+5BMX/QuoAsV7H962jRmirUfzEOfD6zfg62BTItTdDv8NUrY7gZp21mbbuPNs6x3T1QFSaSyiHAIQsbuM0NZNA==",
      "requires": {
        "lit-element": "^2.2.1",
        "wired-lib": "^2.0.0"
      }
    },
    "wired-radio-group": {
      "version": "2.0.2",
      "resolved": "https://registry.npmjs.org/wired-radio-group/-/wired-radio-group-2.0.2.tgz",
      "integrity": "sha512-rui+wiTu2GW9+mENCeZdC351ztuV6+73JGH8Zq4UyllK9iYx1c4IjhNxkzeb4LmBWE8liTgPYwf/11abAtGekA==",
      "requires": {
        "lit-element": "^2.2.1",
        "wired-lib": "^2.0.0"
      }
    },
    "wired-search-input": {
      "version": "2.0.2",
      "resolved": "https://registry.npmjs.org/wired-search-input/-/wired-search-input-2.0.2.tgz",
      "integrity": "sha512-QS0k2nEKn3y830of31qKweFBzRhZAom7va5DGfSbg0u8h/7PF6+W3Ee0cu+2jJ6k6b/eA+k7Fv/jq0jEEoeA2g==",
      "requires": {
        "lit-element": "^2.2.1",
        "wired-lib": "^2.0.0"
      }
    },
    "wired-slider": {
      "version": "2.0.2",
      "resolved": "https://registry.npmjs.org/wired-slider/-/wired-slider-2.0.2.tgz",
      "integrity": "sha512-fOP7K2QY1mNYGco1NvdpRz6t8nya9XseJNLxe9UqT6hj7bXZs8PV/4I5DMePMFGJo54CCpubZ1nd/RK2j3xQsg==",
      "requires": {
        "lit-element": "^2.2.1",
        "wired-lib": "^2.0.0"
      }
    },
    "wired-spinner": {
      "version": "2.0.2",
      "resolved": "https://registry.npmjs.org/wired-spinner/-/wired-spinner-2.0.2.tgz",
      "integrity": "sha512-WWeCBULgPzyX1tFJtbpqnjy5aJD8ctLlwowsAfoABUK4wm352IJKrN1YTHoThoIOKLlnv1m/1gOxsptgKD/IqQ==",
      "requires": {
        "lit-element": "^2.2.1",
        "wired-lib": "^2.0.0"
      }
    },
    "wired-tab": {
      "version": "2.0.2",
      "resolved": "https://registry.npmjs.org/wired-tab/-/wired-tab-2.0.2.tgz",
      "integrity": "sha512-PoEK11hRuzaszyyxb0NCG8l1C5cDG6PKUhEuZ3ss9bTyMscJb3AI4/y1UKXq3jaWoJEmaWjQ7DfmKGBsGKo48g==",
      "requires": {
        "lit-element": "^2.2.1",
        "wired-item": "^2.0.2",
        "wired-lib": "^2.0.0"
      }
    },
    "wired-tabs": {
      "version": "2.0.2",
      "resolved": "https://registry.npmjs.org/wired-tabs/-/wired-tabs-2.0.2.tgz",
      "integrity": "sha512-z1MUI3lcE2nHLO81y/3JW6G+l3V3OmWyMJ5B2ilzFj5qCTAdTX4dIZ8m+QYk1b0tRIbCEy/jlDmizFhz17ngKA==",
      "requires": {
        "lit-element": "^2.2.1",
        "wired-lib": "^2.0.0"
      }
    },
    "wired-textarea": {
      "version": "2.0.2",
      "resolved": "https://registry.npmjs.org/wired-textarea/-/wired-textarea-2.0.2.tgz",
      "integrity": "sha512-xt91kypUCFENjMRRbxCqDXLBbtDxnAmrqL6+V4bA4Fj3hGcZlY+rQ8QkxU0mFWotnbiTv/je+sj6F2q+OEcrGw==",
      "requires": {
        "lit-element": "^2.2.1",
        "wired-lib": "^2.0.0"
      }
    },
    "wired-toggle": {
      "version": "2.0.2",
      "resolved": "https://registry.npmjs.org/wired-toggle/-/wired-toggle-2.0.2.tgz",
      "integrity": "sha512-4tHGvP6LEhHee3OIJBliCECo6H16pzEeWfbmwdpklh7bfP7GLokd58ICSmOAPl5mIdnpgYFNQm4w9PBXtKIDNA==",
      "requires": {
        "lit-element": "^2.2.1",
        "wired-lib": "^2.0.0"
      }
    },
    "wired-video": {
      "version": "2.0.2",
      "resolved": "https://registry.npmjs.org/wired-video/-/wired-video-2.0.2.tgz",
      "integrity": "sha512-qm0b9881Q4kkwWmrUhmOGmjamf0WmtDoVQVLw24ym1SzQzKhh63C1rFzcOVgo1sTPaGvedoY85eUHR7zXjFxtQ==",
      "requires": {
        "lit-element": "^2.2.1",
        "wired-icon-button": "^2.0.2",
        "wired-lib": "^2.0.0",
        "wired-progress": "^2.0.2",
        "wired-slider": "^2.0.2"
      }
    },
    "workly": {
      "version": "1.3.1",
      "resolved": "https://registry.npmjs.org/workly/-/workly-1.3.1.tgz",
      "integrity": "sha512-1hI5IvagEAdCj81Vtc9Rn3DZkNJ4o2LexbpFFUJjZWlr8aBbGGm95Nu84ZC2EvzJpfm2j+4s+bVjNFeWAp03/A=="
    }
  }
}
